
Microsoft Visual Studio Solution File, Format Version 12.00
# Visual Studio 15
VisualStudioVersion = 15.0.28307.136
MinimumVisualStudioVersion = 10.0.40219.1
Project("{8BC9CEB8-8B4A-11D0-8D11-00A0C91BC942}") = "mtgAI", "mtgAI.vcxproj", "{F615EE09-2B64-4F77-9658-4DE90BD6E850}"
EndProject
Global
	GlobalSection(SolutionConfigurationPlatforms) = preSolution
		Debug|x64 = Debug|x64
		Debug|x86 = Debug|x86
		Release|x64 = Release|x64
		Release|x86 = Release|x86
	EndGlobalSection
	GlobalSection(ProjectConfigurationPlatforms) = postSolution
		{F615EE09-2B64-4F77-9658-4DE90BD6E850}.Debug|x64.ActiveCfg = Debug|x64
		{F615EE09-2B64-4F77-9658-4DE90BD6E850}.Debug|x64.Build.0 = Debug|x64
		{F615EE09-2B64-4F77-9658-4DE90BD6E850}.Debug|x86.ActiveCfg = Debug|Win32
		{F615EE09-2B64-4F77-9658-4DE90BD6E850}.Debug|x86.Build.0 = Debug|Win32
		{F615EE09-2B64-4F77-9658-4DE90BD6E850}.Release|x64.ActiveCfg = Release|x64
		{F615EE09-2B64-4F77-9658-4DE90BD6E850}.Release|x64.Build.0 = Release|x64
		{F615EE09-2B64-4F77-9658-4DE90BD6E850}.Release|x86.ActiveCfg = Release|Win32
		{F615EE09-2B64-4F77-9658-4DE90BD6E850}.Release|x86.Build.0 = Release|Win32
	EndGlobalSection
	GlobalSection(SolutionProperties) = preSolution
		HideSolutionNode = FALSE
	EndGlobalSection
	GlobalSection(ExtensibilityGlobals) = postSolution
		SolutionGuid = {2679DD74-B88D-4103-B144-50A870ED2628}
	EndGlobalSection
EndGlobal
