<?xml version="1.0" encoding="utf-8"?>
<Project ToolsVersion="4.0" xmlns="http://schemas.microsoft.com/developer/msbuild/2003">
  <ItemGroup>
    <Filter Include="Source Files">
      <UniqueIdentifier>{4FC737F1-C7A5-4376-A066-2A32D752A2FF}</UniqueIdentifier>
      <Extensions>cpp;c;cc;cxx;def;odl;idl;hpj;bat;asm;asmx</Extensions>
    </Filter>
    <Filter Include="Header Files">
      <UniqueIdentifier>{93995380-89BD-4b04-88EB-625FBE52EBFB}</UniqueIdentifier>
      <Extensions>h;hh;hpp;hxx;hm;inl;inc;xsd</Extensions>
    </Filter>
    <Filter Include="Resource Files">
      <UniqueIdentifier>{67DA6AB6-F800-4c08-8B7A-83BB121AAD01}</UniqueIdentifier>
      <Extensions>rc;ico;cur;bmp;dlg;rc2;rct;bin;rgs;gif;jpg;jpeg;jpe;resx;tiff;tif;png;wav</Extensions>
    </Filter>
  </ItemGroup>
  <ItemGroup>
    <ClCompile Include="src\Board.cpp">
      <Filter>Source Files</Filter>
    </ClCompile>
    <ClCompile Include="src\EnvState.cpp">
      <Filter>Source Files</Filter>
    </ClCompile>
    <ClCompile Include="src\Game.cpp">
      <Filter>Source Files</Filter>
    </ClCompile>
    <ClCompile Include="src\Hand.cpp">
      <Filter>Source Files</Filter>
    </ClCompile>
    <ClCompile Include="src\Mana.cpp">
      <Filter>Source Files</Filter>
    </ClCompile>
    <ClCompile Include="src\ManaCost.cpp">
      <Filter>Source Files</Filter>
    </ClCompile>
    <ClCompile Include="src\Matrix.cpp">
      <Filter>Source Files</Filter>
    </ClCompile>
    <ClCompile Include="src\mtgAI.cpp">
      <Filter>Source Files</Filter>
    </ClCompile>
    <ClCompile Include="src\PlayerState.cpp">
      <Filter>Source Files</Filter>
    </ClCompile>
    <ClCompile Include="src\card\CardBase.cpp">
      <Filter>Source Files</Filter>
    </ClCompile>
    <ClCompile Include="src\card\Creature.cpp">
      <Filter>Source Files</Filter>
    </ClCompile>
    <ClCompile Include="src\card\Land.cpp">
      <Filter>Source Files</Filter>
    </ClCompile>
    <ClCompile Include="src\deck\DebugDeck.cpp">
      <Filter>Source Files</Filter>
    </ClCompile>
    <ClCompile Include="src\deck\DeckBase.cpp">
      <Filter>Source Files</Filter>
    </ClCompile>
    <ClCompile Include="src\deck\StandardDeck.cpp">
      <Filter>Source Files</Filter>
    </ClCompile>
    <ClCompile Include="src\event\GameStartEvent.cpp">
      <Filter>Source Files</Filter>
    </ClCompile>
    <ClCompile Include="src\event\NewPhaseEvent.cpp">
      <Filter>Source Files</Filter>
    </ClCompile>
    <ClCompile Include="src\event\PassEvent.cpp">
      <Filter>Source Files</Filter>
    </ClCompile>
    <ClCompile Include="src\event\PlayCardEvent.cpp">
      <Filter>Source Files</Filter>
    </ClCompile>
    <ClCompile Include="src\deck\DeckInstance.cpp">
      <Filter>Source Files</Filter>
    </ClCompile>
    <ClCompile Include="src\card\CardInstance.cpp">
      <Filter>Source Files</Filter>
    </ClCompile>
    <ClCompile Include="src\event\EventManager.cpp">
      <Filter>Source Files</Filter>
    </ClCompile>
    <ClCompile Include="src\card\CardManager.cpp">
      <Filter>Source Files</Filter>
    </ClCompile>
    <ClCompile Include="src\Action\ActionBase.cpp">
      <Filter>Source Files</Filter>
    </ClCompile>
    <ClCompile Include="src\Action\PlayCardAction.cpp">
      <Filter>Source Files</Filter>
    </ClCompile>
    <ClCompile Include="src\Action\TapLandAction.cpp">
      <Filter>Source Files</Filter>
    </ClCompile>
    <ClCompile Include="src\Action\UseAbilityAction.cpp">
      <Filter>Source Files</Filter>
    </ClCompile>
    <ClCompile Include="src\Event\TapLandEvent.cpp">
      <Filter>Source Files</Filter>
    </ClCompile>
    <ClCompile Include="src\Event\StartDrawStepEvent.cpp">
      <Filter>Source Files</Filter>
    </ClCompile>
    <ClCompile Include="src\Action\DeclareAttackerAction.cpp">
      <Filter>Source Files</Filter>
    </ClCompile>
  </ItemGroup>
  <ItemGroup>
    <ClInclude Include="include\Board.h">
      <Filter>Header Files</Filter>
    </ClInclude>
    <ClInclude Include="include\EnvState.h">
      <Filter>Header Files</Filter>
    </ClInclude>
    <ClInclude Include="include\Game.h">
      <Filter>Header Files</Filter>
    </ClInclude>
    <ClInclude Include="include\Hand.h">
      <Filter>Header Files</Filter>
    </ClInclude>
    <ClInclude Include="include\Mana.h">
      <Filter>Header Files</Filter>
    </ClInclude>
    <ClInclude Include="include\ManaCost.h">
      <Filter>Header Files</Filter>
    </ClInclude>
    <ClInclude Include="include\Matrix.h">
      <Filter>Header Files</Filter>
    </ClInclude>
    <ClInclude Include="include\Player.h">
      <Filter>Header Files</Filter>
    </ClInclude>
    <ClInclude Include="include\PlayerState.h">
      <Filter>Header Files</Filter>
    </ClInclude>
    <ClInclude Include="include\utils.h">
      <Filter>Header Files</Filter>
    </ClInclude>
    <ClInclude Include="include\card\CardBase.h">
      <Filter>Header Files</Filter>
    </ClInclude>
    <ClInclude Include="include\card\Creature.h">
      <Filter>Header Files</Filter>
    </ClInclude>
    <ClInclude Include="include\card\Land.h">
      <Filter>Header Files</Filter>
    </ClInclude>
    <ClInclude Include="include\deck\DebugDeck.h">
      <Filter>Header Files</Filter>
    </ClInclude>
    <ClInclude Include="include\deck\DeckBase.h">
      <Filter>Header Files</Filter>
    </ClInclude>
    <ClInclude Include="include\deck\StandardDeck.h">
      <Filter>Header Files</Filter>
    </ClInclude>
    <ClInclude Include="include\event\EventBase.h">
      <Filter>Header Files</Filter>
    </ClInclude>
    <ClInclude Include="include\event\GameStartEvent.h">
      <Filter>Header Files</Filter>
    </ClInclude>
    <ClInclude Include="include\event\NewPhaseEvent.h">
      <Filter>Header Files</Filter>
    </ClInclude>
    <ClInclude Include="include\card\CardInstance.h">
      <Filter>Header Files</Filter>
    </ClInclude>
    <ClInclude Include="include\deck\DeckInstance.h">
      <Filter>Header Files</Filter>
    </ClInclude>
    <ClInclude Include="include\event\PassEvent.h">
      <Filter>Header Files</Filter>
    </ClInclude>
    <ClInclude Include="include\event\PlayCardEvent.h">
      <Filter>Header Files</Filter>
    </ClInclude>
    <ClInclude Include="include\event\EventManager.h">
      <Filter>Header Files</Filter>
    </ClInclude>
    <ClInclude Include="include\card\CardManager.h">
      <Filter>Header Files</Filter>
    </ClInclude>
    <ClInclude Include="include\event\EventHandler.h">
      <Filter>Header Files</Filter>
    </ClInclude>
    <ClInclude Include="include\Action\ActionBase.h">
      <Filter>Header Files</Filter>
    </ClInclude>
    <ClInclude Include="include\Action\TapLandAction.h">
      <Filter>Header Files</Filter>
    </ClInclude>
    <ClInclude Include="include\Action\UseAbilityAction.h">
      <Filter>Header Files</Filter>
    </ClInclude>
    <ClInclude Include="include\Action\PlayCardAction.h">
      <Filter>Header Files</Filter>
    </ClInclude>
    <ClInclude Include="include\Event\TapLandEvent.h">
      <Filter>Header Files</Filter>
    </ClInclude>
    <ClInclude Include="include\Event\StartDrawStepEvent.h">
      <Filter>Header Files</Filter>
    </ClInclude>
    <ClInclude Include="include\Action\DeclareAttackerAction.h">
      <Filter>Header Files</Filter>
    </ClInclude>
  </ItemGroup>
</Project>